Microsoft Visual Studio Solution File, Format Version 12.00
# Visual Studio Version 17
VisualStudioVersion = 17.5.2.0
MinimumVisualStudioVersion = 10.0.40219.1
Project("{FAE04EC0-301F-11D3-BF4B-00C04F79EFBC}") = "DUANCHAMCONG", "DUANCHAMCONG.csproj", "{5C77A124-C82C-73CD-FBDA-9E88A72790C1}"
EndProject
Global
	GlobalSection(SolutionConfigurationPlatforms) = preSolution
		Debug|Any CPU = Debug|Any CPU
		Release|Any CPU = Release|Any CPU
	EndGlobalSection
	GlobalSection(ProjectConfigurationPlatforms) = postSolution
		{5C77A124-C82C-73CD-FBDA-9E88A72790C1}.Debug|Any CPU.ActiveCfg = Debug|Any CPU
		{5C77A124-C82C-73CD-FBDA-9E88A72790C1}.Debug|Any CPU.Build.0 = Debug|Any CPU
		{5C77A124-C82C-73CD-FBDA-9E88A72790C1}.Release|Any CPU.ActiveCfg = Release|Any CPU
		{5C77A124-C82C-73CD-FBDA-9E88A72790C1}.Release|Any CPU.Build.0 = Release|Any CPU
	EndGlobalSection
	GlobalSection(SolutionProperties) = preSolution
		HideSolutionNode = FALSE
	EndGlobalSection
	GlobalSection(ExtensibilityGlobals) = postSolution
		SolutionGuid = {4EBF8112-53E0-42E5-822F-4D530ED87C89}
	EndGlobalSection
EndGlobal
